
Microsoft Visual Studio Solution File, Format Version 12.00
# Visual Studio 15
VisualStudioVersion = 15.0.27428.2037
MinimumVisualStudioVersion = 10.0.40219.1
Project("{FAE04EC0-301F-11D3-BF4B-00C04F79EFBC}") = "PrimeNumbers", "PrimeNumbers\PrimeNumbers.csproj", "{3930FCE7-74EA-461D-A489-09CB5808CB5F}"
EndProject
Project("{FAE04EC0-301F-11D3-BF4B-00C04F79EFBC}") = "PrimeNumbersTests", "PrimeNumbersTests.cs\PrimeNumbersTests.csproj", "{A6FA98DD-2B2B-47C8-99ED-8EA29DFF4DAF}"
EndProject
Project("{FAE04EC0-301F-11D3-BF4B-00C04F79EFBC}") = "Prime", "Prime\Prime.csproj", "{541C92D3-7BD1-45EC-A9CD-35681D0D0CCD}"
EndProject
Global
	GlobalSection(SolutionConfigurationPlatforms) = preSolution
		Debug|Any CPU = Debug|Any CPU
		Release|Any CPU = Release|Any CPU
	EndGlobalSection
	GlobalSection(ProjectConfigurationPlatforms) = postSolution
		{3930FCE7-74EA-461D-A489-09CB5808CB5F}.Debug|Any CPU.ActiveCfg = Debug|Any CPU
		{3930FCE7-74EA-461D-A489-09CB5808CB5F}.Debug|Any CPU.Build.0 = Debug|Any CPU
		{3930FCE7-74EA-461D-A489-09CB5808CB5F}.Release|Any CPU.ActiveCfg = Release|Any CPU
		{3930FCE7-74EA-461D-A489-09CB5808CB5F}.Release|Any CPU.Build.0 = Release|Any CPU
		{A6FA98DD-2B2B-47C8-99ED-8EA29DFF4DAF}.Debug|Any CPU.ActiveCfg = Debug|Any CPU
		{A6FA98DD-2B2B-47C8-99ED-8EA29DFF4DAF}.Debug|Any CPU.Build.0 = Debug|Any CPU
		{A6FA98DD-2B2B-47C8-99ED-8EA29DFF4DAF}.Release|Any CPU.ActiveCfg = Release|Any CPU
		{A6FA98DD-2B2B-47C8-99ED-8EA29DFF4DAF}.Release|Any CPU.Build.0 = Release|Any CPU
		{541C92D3-7BD1-45EC-A9CD-35681D0D0CCD}.Debug|Any CPU.ActiveCfg = Debug|Any CPU
		{541C92D3-7BD1-45EC-A9CD-35681D0D0CCD}.Debug|Any CPU.Build.0 = Debug|Any CPU
		{541C92D3-7BD1-45EC-A9CD-35681D0D0CCD}.Release|Any CPU.ActiveCfg = Release|Any CPU
		{541C92D3-7BD1-45EC-A9CD-35681D0D0CCD}.Release|Any CPU.Build.0 = Release|Any CPU
	EndGlobalSection
	GlobalSection(SolutionProperties) = preSolution
		HideSolutionNode = FALSE
	EndGlobalSection
	GlobalSection(ExtensibilityGlobals) = postSolution
		SolutionGuid = {D770E2BF-ECB3-4CE3-9B02-A7227CA6B147}
	EndGlobalSection
EndGlobal
